# This file was autogenerated by uv via the following command:
#    uv pip compile asl_genai/pyproject.toml --output-file=asl_genai/requirements.lock
absl-py==2.5.0
    # via rouge-score
accelerate==1.14.0
    # via
    #   docling-ibm-models
    #   docling-slim
aiohappyeyeballs==2.7.1
    # via aiohttp
aiohttp==3.14.1
    # via
    #   fsspec
    #   gcsfs
    #   kubernetes
    #   litellm
aiosignal==1.4.0
    # via aiohttp
aiosqlite==0.22.1
    # via google-adk
annotated-doc==0.0.4
    # via
    #   fastapi
    #   typer
annotated-types==0.7.0
    # via pydantic
antlr4-python3-runtime==4.9.3
    # via omegaconf
anyio==4.14.2
    # via
    #   google-genai
    #   httpx
    #   openai
    #   starlette
    #   watchfiles
asttokens==3.0.2
    # via stack-data
attrs==26.1.0
    # via
    #   aiohttp
    #   jsonlines
    #   jsonschema
    #   referencing
authlib==1.7.2
    # via google-adk
backoff==2.2.1
    # via unstructured
bcrypt==5.0.0
    # via chromadb
beautifulsoup4==4.15.0
    # via
    #   docling-slim
    #   unstructured
    #   wikipedia
build==1.5.0
    # via
    #   asl-genai (asl_genai/pyproject.toml)
    #   chromadb
cachebox==5.2.3
    # via deepdiff
certifi==2026.6.17
    # via
    #   docling-slim
    #   google-cloud-aiplatform
    #   httpcore
    #   httpx
    #   kubernetes
    #   requests
    #   unstructured-client
cffi==2.1.0
    # via cryptography
chardet==7.4.3
    # via unstructured
charset-normalizer==3.4.9
    # via
    #   requests
    #   unstructured-client
chroma-hnswlib==0.7.6
    # via asl-genai (asl_genai/pyproject.toml)
chromadb==1.5.9
    # via
    #   asl-genai (asl_genai/pyproject.toml)
    #   langchain-chroma
click==8.4.1
    # via
    #   google-adk
    #   huggingface-hub
    #   litellm
    #   nltk
    #   typer
    #   uvicorn
    #   wikipedia-api
colorlog==6.11.0
    # via rapidocr
comm==0.2.3
    # via
    #   ipykernel
    #   ipywidgets
cryptography==49.0.0
    # via
    #   authlib
    #   google-auth
    #   joserfc
    #   pyopenssl
cuda-bindings==13.3.1
    # via torch
cuda-pathfinder==1.5.6
    # via cuda-bindings
cuda-toolkit==13.0.3.0
    # via torch
dataclasses-json==0.6.7
    # via
    #   unstructured
    #   unstructured-client
datasets==5.0.0
    # via evaluate
db-dtypes==1.7.1
    # via asl-genai (asl_genai/pyproject.toml)
debugpy==1.8.21
    # via ipykernel
decorator==5.3.1
    # via
    #   gcsfs
    #   ipython
deepdiff==9.1.0
    # via unstructured-client
defusedxml==0.7.1
    # via
    #   docling-core
    #   docling-slim
    #   nltk
dill==0.4.1
    # via
    #   datasets
    #   evaluate
    #   multiprocess
distro==1.9.0
    # via
    #   google-genai
    #   openai
doclang==0.7.3
    # via docling-core
docling==2.113.0
    # via langchain-docling
docling-core==2.87.1
    # via
    #   docling-ibm-models
    #   docling-parse
    #   docling-slim
docling-ibm-models==3.13.3
    # via docling-slim
docling-parse==7.8.1
    # via docling-slim
docling-slim==2.113.0
    # via docling
docstring-parser==0.18.0
    # via google-cloud-aiplatform
durationpy==0.10
    # via kubernetes
emoji==2.15.0
    # via unstructured
et-xmlfile==2.0.0
    # via openpyxl
evaluate==0.4.0
    # via asl-genai (asl_genai/pyproject.toml)
executing==2.2.1
    # via stack-data
faiss-cpu==1.13.2
    # via asl-genai (asl_genai/pyproject.toml)
faker==40.31.0
    # via polyfactory
fastapi==0.139.2
    # via
    #   asl-genai (asl_genai/pyproject.toml)
    #   google-adk
fastjsonschema==2.21.2
    # via nbformat
fastuuid==0.14.0
    # via litellm
filelock==3.31.1
    # via
    #   datasets
    #   huggingface-hub
    #   torch
filetype==1.2.0
    # via
    #   docling-slim
    #   langchain-google-genai
    #   unstructured
fire==0.7.1
    # via asl-genai (asl_genai/pyproject.toml)
flatbuffers==25.12.19
    # via onnxruntime
frozenlist==1.8.0
    # via
    #   aiohttp
    #   aiosignal
fsspec==2026.4.0
    # via
    #   asl-genai (asl_genai/pyproject.toml)
    #   datasets
    #   evaluate
    #   gcsfs
    #   huggingface-hub
    #   torch
gcsfs==2026.6.0
    # via asl-genai (asl_genai/pyproject.toml)
google-adk==2.5.0
    # via asl-genai (asl_genai/pyproject.toml)
google-api-core==2.32.0
    # via
    #   asl-genai (asl_genai/pyproject.toml)
    #   google-cloud-aiplatform
    #   google-cloud-bigquery
    #   google-cloud-core
    #   google-cloud-modelarmor
    #   google-cloud-resource-manager
    #   google-cloud-storage
    #   google-cloud-storage-control
google-auth==2.52.0
    # via
    #   asl-genai (asl_genai/pyproject.toml)
    #   gcsfs
    #   google-adk
    #   google-api-core
    #   google-auth-oauthlib
    #   google-cloud-aiplatform
    #   google-cloud-bigquery
    #   google-cloud-core
    #   google-cloud-modelarmor
    #   google-cloud-resource-manager
    #   google-cloud-storage
    #   google-cloud-storage-control
    #   google-genai
google-auth-oauthlib==1.4.0
    # via gcsfs
google-cloud-aiplatform==1.160.0
    # via asl-genai (asl_genai/pyproject.toml)
google-cloud-bigquery==3.42.2
    # via
    #   asl-genai (asl_genai/pyproject.toml)
    #   google-cloud-aiplatform
google-cloud-core==2.6.0
    # via
    #   google-cloud-bigquery
    #   google-cloud-storage
google-cloud-modelarmor==0.7.1
    # via asl-genai (asl_genai/pyproject.toml)
google-cloud-resource-manager==1.18.0
    # via google-cloud-aiplatform
google-cloud-storage==3.13.0
    # via
    #   asl-genai (asl_genai/pyproject.toml)
    #   gcsfs
    #   google-cloud-aiplatform
google-cloud-storage-control==1.12.0
    # via gcsfs
google-crc32c==1.8.0
    # via
    #   google-cloud-storage
    #   google-resumable-media
google-genai==2.11.0
    # via
    #   asl-genai (asl_genai/pyproject.toml)
    #   google-adk
    #   google-cloud-aiplatform
    #   langchain-google-genai
google-resumable-media==2.10.0
    # via
    #   google-cloud-bigquery
    #   google-cloud-storage
googleapis-common-protos==1.75.0
    # via
    #   google-api-core
    #   grpc-google-iam-v1
    #   grpcio-status
    #   opentelemetry-exporter-otlp-proto-grpc
graphviz==0.21
    # via google-adk
greenlet==3.5.3
    # via sqlalchemy
grpc-google-iam-v1==0.14.4
    # via
    #   google-cloud-resource-manager
    #   google-cloud-storage-control
grpcio==1.82.1
    # via
    #   chromadb
    #   google-api-core
    #   google-cloud-modelarmor
    #   google-cloud-resource-manager
    #   google-cloud-storage-control
    #   googleapis-common-protos
    #   grpc-google-iam-v1
    #   grpcio-status
    #   opentelemetry-exporter-otlp-proto-grpc
grpcio-status==1.81.1
    # via google-api-core
h11==0.16.0
    # via
    #   httpcore
    #   uvicorn
hf-xet==1.5.2
    # via huggingface-hub
httpcore==1.0.9
    # via httpx
httptools==0.8.0
    # via uvicorn
httpx==0.28.1
    # via
    #   chromadb
    #   datasets
    #   docling-slim
    #   google-adk
    #   google-genai
    #   huggingface-hub
    #   langgraph-sdk
    #   langsmith
    #   litellm
    #   openai
    #   wikipedia-api
huggingface-hub==1.21.0
    # via
    #   accelerate
    #   datasets
    #   docling-ibm-models
    #   docling-slim
    #   evaluate
    #   tokenizers
    #   transformers
idna==3.18
    # via
    #   anyio
    #   httpx
    #   requests
    #   unstructured-client
    #   yarl
importlib-metadata==8.9.0
    # via litellm
importlib-resources==7.1.0
    # via chromadb
ipykernel==7.3.0
    # via asl-genai (asl_genai/pyproject.toml)
ipython==9.15.0
    # via
    #   ipykernel
    #   ipywidgets
ipython-pygments-lexers==1.1.1
    # via ipython
ipywidgets==8.1.8
    # via asl-genai (asl_genai/pyproject.toml)
jedi==0.20.0
    # via ipython
jinja2==3.1.6
    # via
    #   litellm
    #   torch
jiter==0.16.0
    # via openai
joblib==1.5.3
    # via
    #   nltk
    #   scikit-learn
joserfc==1.7.4
    # via authlib
jsonlines==4.0.0
    # via docling-ibm-models
jsonpatch==1.33
    # via langchain-core
jsonpath-python==1.1.6
    # via unstructured-client
jsonpointer==3.1.1
    # via jsonpatch
jsonref==1.1.0
    # via docling-core
jsonschema==4.26.0
    # via
    #   chromadb
    #   docling-core
    #   google-adk
    #   litellm
    #   nbformat
jsonschema-specifications==2025.9.1
    # via jsonschema
jupyter-client==8.9.1
    # via ipykernel
jupyter-core==5.9.1
    # via
    #   ipykernel
    #   jupyter-client
    #   nbformat
jupyterlab-widgets==3.0.16
    # via ipywidgets
kubernetes==36.0.0
    # via chromadb
langchain==1.3.11
    # via asl-genai (asl_genai/pyproject.toml)
langchain-chroma==1.1.0
    # via asl-genai (asl_genai/pyproject.toml)
langchain-classic==1.0.8
    # via asl-genai (asl_genai/pyproject.toml)
langchain-core==1.4.8
    # via
    #   asl-genai (asl_genai/pyproject.toml)
    #   langchain
    #   langchain-chroma
    #   langchain-classic
    #   langchain-docling
    #   langchain-google-genai
    #   langchain-text-splitters
    #   langgraph
    #   langgraph-checkpoint
    #   langgraph-prebuilt
    #   langgraph-sdk
langchain-docling==2.0.0
    # via asl-genai (asl_genai/pyproject.toml)
langchain-google-genai==4.2.5
    # via asl-genai (asl_genai/pyproject.toml)
langchain-protocol==0.0.18
    # via
    #   langchain-core
    #   langgraph-sdk
langchain-text-splitters==1.1.2
    # via
    #   asl-genai (asl_genai/pyproject.toml)
    #   langchain-classic
langdetect==1.0.9
    # via unstructured
langgraph==1.2.6
    # via
    #   asl-genai (asl_genai/pyproject.toml)
    #   langchain
langgraph-checkpoint==4.1.1
    # via
    #   langgraph
    #   langgraph-prebuilt
langgraph-prebuilt==1.1.0
    # via langgraph
langgraph-sdk==0.4.2
    # via langgraph
langsmith==0.9.0
    # via
    #   asl-genai (asl_genai/pyproject.toml)
    #   langchain-classic
    #   langchain-core
latex2mathml==3.81.0
    # via docling-core
litellm==1.92.0
    # via asl-genai (asl_genai/pyproject.toml)
lxml==6.1.1
    # via
    #   doclang
    #   python-docx
    #   python-pptx
    #   unstructured
mail-parser==4.4.0
    # via docling-slim
markdown-it-py==4.2.0
    # via rich
marko==2.2.3
    # via docling-slim
markupsafe==3.0.3
    # via jinja2
marshmallow==3.26.2
    # via
    #   dataclasses-json
    #   unstructured-client
matplotlib-inline==0.2.2
    # via
    #   ipykernel
    #   ipython
mdurl==0.1.2
    # via markdown-it-py
mmh3==5.2.1
    # via chromadb
mpire==2.10.2
    # via semchunk
mpmath==1.3.0
    # via sympy
multidict==6.7.1
    # via
    #   aiohttp
    #   yarl
multiprocess==0.70.19
    # via
    #   datasets
    #   evaluate
    #   mpire
mypy-extensions==1.1.0
    # via
    #   typing-inspect
    #   unstructured-client
narwhals==2.24.0
    # via
    #   plotly
    #   scikit-learn
nbformat==5.10.4
    # via asl-genai (asl_genai/pyproject.toml)
nest-asyncio2==1.7.2
    # via ipykernel
networkx==3.6.1
    # via torch
nltk==3.10.0
    # via
    #   rouge-score
    #   unstructured
numpy==2.5.1
    # via
    #   accelerate
    #   chroma-hnswlib
    #   chromadb
    #   datasets
    #   db-dtypes
    #   docling-ibm-models
    #   docling-slim
    #   evaluate
    #   faiss-cpu
    #   langchain-chroma
    #   onnxruntime
    #   opencv-python
    #   pandas
    #   rapidocr
    #   rouge-score
    #   safetensors
    #   scikit-learn
    #   scipy
    #   shapely
    #   torchvision
    #   transformers
    #   unstructured
nvidia-cublas==13.1.1.3
    # via
    #   cuda-toolkit
    #   nvidia-cudnn-cu13
    #   nvidia-cusolver
nvidia-cuda-cupti==13.0.85
    # via cuda-toolkit
nvidia-cuda-nvrtc==13.0.88
    # via
    #   cuda-toolkit
    #   nvidia-cublas
nvidia-cuda-runtime==13.0.96
    # via cuda-toolkit
nvidia-cudnn-cu13==9.20.0.48
    # via torch
nvidia-cufft==12.0.0.61
    # via cuda-toolkit
nvidia-cufile==1.15.1.6
    # via cuda-toolkit
nvidia-curand==10.4.0.35
    # via cuda-toolkit
nvidia-cusolver==12.0.4.66
    # via cuda-toolkit
nvidia-cusparse==12.6.3.3
    # via
    #   cuda-toolkit
    #   nvidia-cusolver
nvidia-cusparselt-cu13==0.8.1
    # via torch
nvidia-nccl-cu13==2.29.7
    # via torch
nvidia-nvjitlink==13.3.33
    # via
    #   cuda-toolkit
    #   nvidia-cufft
    #   nvidia-cusolver
    #   nvidia-cusparse
nvidia-nvshmem-cu13==3.4.5
    # via torch
nvidia-nvtx==13.0.85
    # via cuda-toolkit
oauthlib==3.3.1
    # via requests-oauthlib
omegaconf==2.3.1
    # via rapidocr
onnxruntime==1.27.0
    # via chromadb
openai==2.46.0
    # via litellm
opencv-python==5.0.0.93
    # via rapidocr
openpyxl==3.1.5
    # via docling-slim
opentelemetry-api==1.42.1
    # via
    #   chromadb
    #   google-adk
    #   opentelemetry-exporter-otlp-proto-grpc
    #   opentelemetry-sdk
    #   opentelemetry-semantic-conventions
opentelemetry-exporter-otlp-proto-common==1.42.1
    # via opentelemetry-exporter-otlp-proto-grpc
opentelemetry-exporter-otlp-proto-grpc==1.42.1
    # via chromadb
opentelemetry-proto==1.42.1
    # via
    #   opentelemetry-exporter-otlp-proto-common
    #   opentelemetry-exporter-otlp-proto-grpc
opentelemetry-sdk==1.42.1
    # via
    #   chromadb
    #   google-adk
    #   opentelemetry-exporter-otlp-proto-grpc
opentelemetry-semantic-conventions==0.63b1
    # via opentelemetry-sdk
orderly-set==5.5.0
    # via deepdiff
orjson==3.11.9
    # via
    #   chromadb
    #   langgraph-sdk
    #   langsmith
ormsgpack==1.12.2
    # via langgraph-checkpoint
overrides==7.7.0
    # via chromadb
packaging==26.2
    # via
    #   accelerate
    #   build
    #   datasets
    #   db-dtypes
    #   evaluate
    #   faiss-cpu
    #   google-adk
    #   google-cloud-aiplatform
    #   google-cloud-bigquery
    #   huggingface-hub
    #   ipykernel
    #   langchain-core
    #   langsmith
    #   marshmallow
    #   onnxruntime
    #   plotly
    #   transformers
    #   unstructured-client
pandas==3.0.3
    # via
    #   datasets
    #   db-dtypes
    #   docling-core
    #   evaluate
parso==0.8.7
    # via jedi
pexpect==4.9.0
    # via ipython
pillow==12.3.0
    # via
    #   asl-genai (asl_genai/pyproject.toml)
    #   docling-core
    #   docling-ibm-models
    #   docling-parse
    #   docling-slim
    #   python-pptx
    #   rapidocr
    #   torchvision
platformdirs==4.10.1
    # via jupyter-core
plotly==6.9.0
    # via asl-genai (asl_genai/pyproject.toml)
pluggy==1.6.0
    # via docling-slim
polyfactory==3.3.0
    # via docling-slim
prompt-toolkit==3.0.52
    # via ipython
propcache==0.5.2
    # via
    #   aiohttp
    #   yarl
proto-plus==1.28.1
    # via
    #   google-api-core
    #   google-cloud-aiplatform
    #   google-cloud-modelarmor
    #   google-cloud-resource-manager
    #   google-cloud-storage-control
protobuf==6.33.6
    # via
    #   google-api-core
    #   google-cloud-aiplatform
    #   google-cloud-modelarmor
    #   google-cloud-resource-manager
    #   google-cloud-storage-control
    #   googleapis-common-protos
    #   grpc-google-iam-v1
    #   grpcio-status
    #   onnxruntime
    #   opentelemetry-proto
    #   proto-plus
psutil==7.2.2
    # via
    #   accelerate
    #   ipykernel
    #   ipython
ptyprocess==0.7.0
    # via pexpect
pure-eval==0.2.3
    # via stack-data
pyarrow==25.0.0
    # via
    #   datasets
    #   db-dtypes
pyasn1==0.6.4
    # via pyasn1-modules
pyasn1-modules==0.4.2
    # via google-auth
pybase64==1.4.3
    # via chromadb
pyclipper==1.4.0
    # via rapidocr
pycparser==3.0
    # via cffi
pydantic==2.12.5
    # via
    #   asl-genai (asl_genai/pyproject.toml)
    #   chromadb
    #   docling-core
    #   docling-ibm-models
    #   docling-parse
    #   docling-slim
    #   fastapi
    #   google-adk
    #   google-cloud-aiplatform
    #   google-genai
    #   langchain
    #   langchain-classic
    #   langchain-core
    #   langchain-google-genai
    #   langgraph
    #   langsmith
    #   litellm
    #   openai
    #   pydantic-settings
pydantic-core==2.41.5
    # via pydantic
pydantic-settings==2.14.2
    # via
    #   chromadb
    #   docling-core
    #   docling-slim
pygments==2.20.0
    # via
    #   ipython
    #   ipython-pygments-lexers
    #   mpire
    #   rich
pylatexenc==2.10
    # via docling-slim
pyopenssl==26.3.0
    # via google-auth
pypdf==4.3.1
    # via
    #   asl-genai (asl_genai/pyproject.toml)
    #   unstructured-client
pypdfium2==5.12.1
    # via docling-slim
pypika==0.51.1
    # via chromadb
pyproject-hooks==1.2.0
    # via build
python-dateutil==2.9.0.post0
    # via
    #   google-cloud-bigquery
    #   jupyter-client
    #   kubernetes
    #   pandas
    #   unstructured-client
python-docx==1.2.0
    # via docling-slim
python-dotenv==1.2.2
    # via
    #   docling-slim
    #   google-adk
    #   litellm
    #   pydantic-settings
    #   uvicorn
python-iso639==2026.4.20
    # via unstructured
python-magic==0.4.27
    # via unstructured
python-multipart==0.0.32
    # via google-adk
python-pptx==1.0.2
    # via docling-slim
pyyaml==6.0.2
    # via
    #   asl-genai (asl_genai/pyproject.toml)
    #   accelerate
    #   chromadb
    #   datasets
    #   docling-core
    #   google-adk
    #   huggingface-hub
    #   kubernetes
    #   langchain-classic
    #   langchain-core
    #   omegaconf
    #   rapidocr
    #   transformers
    #   uvicorn
pyzmq==27.1.0
    # via
    #   ipykernel
    #   jupyter-client
rapidfuzz==3.14.5
    # via unstructured
rapidocr==3.9.1
    # via docling-slim
referencing==0.37.0
    # via
    #   jsonschema
    #   jsonschema-specifications
regex==2026.7.19
    # via
    #   nltk
    #   tiktoken
    #   transformers
requests==2.34.2
    # via
    #   datasets
    #   docling-slim
    #   evaluate
    #   gcsfs
    #   google-adk
    #   google-api-core
    #   google-auth
    #   google-cloud-bigquery
    #   google-cloud-storage
    #   google-genai
    #   kubernetes
    #   langchain-classic
    #   langsmith
    #   rapidocr
    #   requests-oauthlib
    #   requests-toolbelt
    #   responses
    #   tiktoken
    #   unstructured
    #   unstructured-client
    #   wikipedia
requests-oauthlib==2.0.0
    # via
    #   google-auth-oauthlib
    #   kubernetes
requests-toolbelt==1.0.0
    # via langsmith
responses==0.18.0
    # via evaluate
rich==15.0.0
    # via
    #   chromadb
    #   docling-slim
    #   typer
rouge-score==0.1.2
    # via asl-genai (asl_genai/pyproject.toml)
rpds-py==2026.6.3
    # via
    #   jsonschema
    #   referencing
rtree==1.4.1
    # via
    #   docling-ibm-models
    #   docling-slim
safetensors==0.8.0
    # via
    #   accelerate
    #   docling-ibm-models
    #   transformers
scikit-learn==1.9.0
    # via asl-genai (asl_genai/pyproject.toml)
scipy==1.18.0
    # via
    #   asl-genai (asl_genai/pyproject.toml)
    #   docling-slim
    #   scikit-learn
semchunk==3.2.5
    # via docling-core
setuptools==81.0.0
    # via
    #   asl-genai (asl_genai/pyproject.toml)
    #   torch
shapely==2.1.2
    # via rapidocr
shellingham==1.5.4
    # via typer
six==1.17.0
    # via
    #   kubernetes
    #   langdetect
    #   python-dateutil
    #   rapidocr
    #   rouge-score
    #   unstructured-client
sniffio==1.3.1
    # via
    #   google-genai
    #   openai
soupsieve==2.9
    # via beautifulsoup4
sqlalchemy==2.0.51
    # via langchain-classic
stack-data==0.6.3
    # via ipython
starlette==1.3.1
    # via
    #   fastapi
    #   google-adk
sympy==1.14.0
    # via torch
tabulate==0.10.0
    # via
    #   docling-core
    #   unstructured
tenacity==9.1.4
    # via
    #   chromadb
    #   google-adk
    #   google-genai
    #   langchain-core
    #   wikipedia-api
termcolor==3.3.0
    # via fire
threadpoolctl==3.6.0
    # via scikit-learn
tiktoken==0.13.0
    # via litellm
tokenizers==0.22.2
    # via
    #   chromadb
    #   litellm
    #   transformers
torch==2.13.0
    # via
    #   accelerate
    #   docling-ibm-models
    #   docling-slim
    #   safetensors
    #   torchvision
torchvision==0.28.0
    # via
    #   docling-ibm-models
    #   docling-slim
tornado==6.5.7
    # via
    #   ipykernel
    #   jupyter-client
tqdm==4.69.0
    # via
    #   chromadb
    #   datasets
    #   docling-ibm-models
    #   docling-slim
    #   evaluate
    #   huggingface-hub
    #   mpire
    #   nltk
    #   openai
    #   rapidocr
    #   semchunk
    #   transformers
traitlets==5.15.1
    # via
    #   ipykernel
    #   ipython
    #   ipywidgets
    #   jupyter-client
    #   jupyter-core
    #   matplotlib-inline
    #   nbformat
transformers==5.14.1
    # via
    #   docling-core
    #   docling-ibm-models
tree-sitter==0.26.0
    # via docling-core
tree-sitter-c==0.24.2
    # via docling-core
tree-sitter-javascript==0.25.0
    # via docling-core
tree-sitter-python==0.25.0
    # via docling-core
tree-sitter-typescript==0.23.2
    # via docling-core
triton==3.7.1
    # via torch
typer==0.24.2
    # via
    #   chromadb
    #   doclang
    #   docling-core
    #   docling-slim
    #   huggingface-hub
    #   transformers
typing-extensions==4.16.0
    # via
    #   aiohttp
    #   aiosignal
    #   anyio
    #   beautifulsoup4
    #   chromadb
    #   docling-core
    #   fastapi
    #   google-adk
    #   google-cloud-aiplatform
    #   google-genai
    #   grpcio
    #   huggingface-hub
    #   jupyter-client
    #   langchain-core
    #   langchain-protocol
    #   openai
    #   opentelemetry-api
    #   opentelemetry-exporter-otlp-proto-grpc
    #   opentelemetry-sdk
    #   opentelemetry-semantic-conventions
    #   polyfactory
    #   pydantic
    #   pydantic-core
    #   pyopenssl
    #   python-docx
    #   python-pptx
    #   referencing
    #   sqlalchemy
    #   starlette
    #   torch
    #   typing-inspect
    #   typing-inspection
    #   unstructured
    #   unstructured-client
typing-inspect==0.9.0
    # via
    #   dataclasses-json
    #   unstructured-client
typing-inspection==0.4.2
    # via
    #   fastapi
    #   pydantic
    #   pydantic-settings
tzlocal==5.4.4
    # via google-adk
unstructured==0.14.4
    # via asl-genai (asl_genai/pyproject.toml)
unstructured-client==0.22.0
    # via
    #   asl-genai (asl_genai/pyproject.toml)
    #   unstructured
urllib3==2.7.0
    # via
    #   kubernetes
    #   requests
    #   responses
    #   unstructured-client
uuid-utils==0.17.0
    # via
    #   langchain-core
    #   langsmith
uvicorn==0.51.0
    # via
    #   chromadb
    #   google-adk
uvloop==0.22.1
    # via uvicorn
watchdog==6.0.0
    # via google-adk
watchfiles==1.2.0
    # via uvicorn
wcwidth==0.8.2
    # via prompt-toolkit
websocket-client==1.9.0
    # via kubernetes
websockets==15.0.1
    # via
    #   docling-slim
    #   google-adk
    #   google-genai
    #   langgraph-sdk
    #   langsmith
    #   uvicorn
widgetsnbextension==4.0.15
    # via ipywidgets
wikipedia==1.4.0
    # via asl-genai (asl_genai/pyproject.toml)
wikipedia-api==0.15.0
    # via asl-genai (asl_genai/pyproject.toml)
wrapt==2.2.2
    # via unstructured
xlsxwriter==3.2.9
    # via python-pptx
xxhash==3.8.1
    # via
    #   datasets
    #   evaluate
    #   langgraph
    #   langsmith
yarl==1.24.5
    # via aiohttp
zipp==4.1.0
    # via importlib-metadata
zstandard==0.25.0
    # via langsmith
