# This file was autogenerated by uv via the following command:
#    uv pip compile requirements.txt -o requirements.lock
absl-py==2.4.0
    # via rouge-score
aiohappyeyeballs==2.6.1
    # via aiohttp
aiohttp==3.13.5
    # via
    #   fsspec
    #   gcsfs
    #   google-cloud-aiplatform
    #   langchain
    #   langchain-community
    #   litellm
aiosignal==1.4.0
    # via aiohttp
aiosqlite==0.22.1
    # via google-adk
alembic==1.18.4
    # via sqlalchemy-spanner
annotated-doc==0.0.4
    # via
    #   fastapi
    #   typer
annotated-types==0.7.0
    # via pydantic
anyio==4.13.0
    # via
    #   google-adk
    #   google-genai
    #   httpx
    #   mcp
    #   openai
    #   sse-starlette
    #   starlette
    #   watchfiles
asttokens==3.0.1
    # via stack-data
attrs==26.1.0
    # via
    #   aiohttp
    #   jsonschema
    #   referencing
authlib==1.6.9
    # via google-adk
backoff==2.2.1
    # via
    #   posthog
    #   unstructured
bcrypt==5.0.0
    # via chromadb
beautifulsoup4==4.14.3
    # via
    #   unstructured
    #   wikipedia
certifi==2026.2.25
    # via
    #   httpcore
    #   httpx
    #   pulsar-client
    #   requests
    #   unstructured-client
cffi==2.0.0
    # via cryptography
chardet==7.4.1
    # via unstructured
charset-normalizer==3.4.7
    # via
    #   requests
    #   unstructured-client
chroma-hnswlib==0.7.3
    # via
    #   -r requirements.txt
    #   chromadb
chromadb==0.4.14
    # via
    #   -r requirements.txt
    #   langchain-chroma
click==8.3.2
    # via
    #   google-adk
    #   litellm
    #   nltk
    #   typer
    #   uvicorn
cloudpickle==3.1.2
    # via google-cloud-aiplatform
comm==0.2.3
    # via
    #   ipykernel
    #   ipywidgets
cryptography==46.0.7
    # via
    #   authlib
    #   google-auth
    #   pyjwt
    #   pyopenssl
dataclasses-json==0.6.7
    # via
    #   langchain-community
    #   unstructured
    #   unstructured-client
datasets==4.8.4
    # via evaluate
db-dtypes==1.5.1
    # via -r requirements.txt
debugpy==1.8.20
    # via ipykernel
decorator==5.2.1
    # via
    #   gcsfs
    #   ipython
deepdiff==9.0.0
    # via unstructured-client
dill==0.4.1
    # via
    #   datasets
    #   evaluate
    #   multiprocess
distro==1.9.0
    # via
    #   google-genai
    #   openai
    #   posthog
docstring-parser==0.17.0
    # via google-cloud-aiplatform
emoji==2.15.0
    # via unstructured
evaluate==0.4.0
    # via -r requirements.txt
executing==2.2.1
    # via stack-data
faiss-cpu==1.13.2
    # via -r requirements.txt
fastapi==0.135.3
    # via
    #   -r requirements.txt
    #   chromadb
    #   google-adk
    #   langchain-chroma
fastjsonschema==2.21.2
    # via nbformat
filelock==3.25.2
    # via
    #   datasets
    #   huggingface-hub
filetype==1.2.0
    # via unstructured
fire==0.7.1
    # via -r requirements.txt
flatbuffers==25.12.19
    # via onnxruntime
frozenlist==1.8.0
    # via
    #   aiohttp
    #   aiosignal
fsspec==2025.12.0
    # via
    #   -r requirements.txt
    #   datasets
    #   evaluate
    #   gcsfs
    #   huggingface-hub
gcsfs==2025.12.0
    # via -r requirements.txt
google-adk==1.28.0
    # via -r requirements.txt
google-api-core==2.30.2
    # via
    #   -r requirements.txt
    #   google-api-python-client
    #   google-cloud-aiplatform
    #   google-cloud-appengine-logging
    #   google-cloud-bigquery
    #   google-cloud-bigquery-storage
    #   google-cloud-bigtable
    #   google-cloud-core
    #   google-cloud-dataplex
    #   google-cloud-discoveryengine
    #   google-cloud-iam
    #   google-cloud-logging
    #   google-cloud-modelarmor
    #   google-cloud-monitoring
    #   google-cloud-pubsub
    #   google-cloud-resource-manager
    #   google-cloud-secret-manager
    #   google-cloud-spanner
    #   google-cloud-speech
    #   google-cloud-storage
    #   google-cloud-storage-control
    #   google-cloud-trace
google-api-python-client==2.193.0
    # via google-adk
google-auth==2.49.1
    # via
    #   gcsfs
    #   google-adk
    #   google-api-core
    #   google-api-python-client
    #   google-auth-httplib2
    #   google-auth-oauthlib
    #   google-cloud-aiplatform
    #   google-cloud-appengine-logging
    #   google-cloud-bigquery
    #   google-cloud-bigquery-storage
    #   google-cloud-bigtable
    #   google-cloud-core
    #   google-cloud-dataplex
    #   google-cloud-discoveryengine
    #   google-cloud-iam
    #   google-cloud-logging
    #   google-cloud-modelarmor
    #   google-cloud-monitoring
    #   google-cloud-pubsub
    #   google-cloud-resource-manager
    #   google-cloud-secret-manager
    #   google-cloud-speech
    #   google-cloud-storage
    #   google-cloud-storage-control
    #   google-cloud-trace
    #   google-genai
google-auth-httplib2==0.3.1
    # via google-api-python-client
google-auth-oauthlib==1.3.1
    # via gcsfs
google-cloud-aiplatform==1.145.0
    # via
    #   -r requirements.txt
    #   google-adk
    #   langchain-google-vertexai
google-cloud-appengine-logging==1.9.0
    # via google-cloud-logging
google-cloud-audit-log==0.5.0
    # via google-cloud-logging
google-cloud-bigquery==3.41.0
    # via
    #   -r requirements.txt
    #   google-adk
    #   google-cloud-aiplatform
google-cloud-bigquery-storage==2.37.0
    # via google-adk
google-cloud-bigtable==2.36.0
    # via google-adk
google-cloud-core==2.5.1
    # via
    #   google-cloud-bigquery
    #   google-cloud-bigtable
    #   google-cloud-logging
    #   google-cloud-spanner
    #   google-cloud-storage
google-cloud-dataplex==2.18.0
    # via google-adk
google-cloud-discoveryengine==0.13.12
    # via google-adk
google-cloud-iam==2.22.0
    # via google-cloud-aiplatform
google-cloud-logging==3.15.0
    # via
    #   google-cloud-aiplatform
    #   opentelemetry-exporter-gcp-logging
google-cloud-modelarmor==0.5.0
    # via -r requirements.txt
google-cloud-monitoring==2.30.0
    # via
    #   google-cloud-spanner
    #   opentelemetry-exporter-gcp-monitoring
google-cloud-pubsub==2.36.0
    # via google-adk
google-cloud-resource-manager==1.17.0
    # via google-cloud-aiplatform
google-cloud-secret-manager==2.27.0
    # via google-adk
google-cloud-spanner==3.64.0
    # via
    #   google-adk
    #   sqlalchemy-spanner
google-cloud-speech==2.38.0
    # via google-adk
google-cloud-storage==2.19.0
    # via
    #   -r requirements.txt
    #   gcsfs
    #   google-adk
    #   google-cloud-aiplatform
    #   langchain-google-vertexai
google-cloud-storage-control==1.11.0
    # via gcsfs
google-cloud-trace==1.19.0
    # via
    #   google-cloud-aiplatform
    #   opentelemetry-exporter-gcp-trace
google-crc32c==1.8.0
    # via
    #   google-cloud-bigtable
    #   google-cloud-storage
    #   google-resumable-media
google-genai==1.69.0
    # via
    #   -r requirements.txt
    #   google-adk
    #   google-cloud-aiplatform
google-resumable-media==2.8.2
    # via
    #   google-cloud-bigquery
    #   google-cloud-storage
googleapis-common-protos==1.74.0
    # via
    #   google-api-core
    #   google-cloud-audit-log
    #   grpc-google-iam-v1
    #   grpcio-status
    #   opentelemetry-exporter-otlp-proto-http
graphviz==0.21
    # via google-adk
greenlet==3.3.2
    # via sqlalchemy
grpc-google-iam-v1==0.14.4
    # via
    #   google-cloud-bigtable
    #   google-cloud-dataplex
    #   google-cloud-iam
    #   google-cloud-logging
    #   google-cloud-pubsub
    #   google-cloud-resource-manager
    #   google-cloud-secret-manager
    #   google-cloud-spanner
    #   google-cloud-storage-control
grpc-interceptor==0.15.4
    # via google-cloud-spanner
grpcio==1.80.0
    # via
    #   chromadb
    #   google-api-core
    #   google-cloud-appengine-logging
    #   google-cloud-bigquery-storage
    #   google-cloud-dataplex
    #   google-cloud-iam
    #   google-cloud-logging
    #   google-cloud-modelarmor
    #   google-cloud-monitoring
    #   google-cloud-pubsub
    #   google-cloud-resource-manager
    #   google-cloud-secret-manager
    #   google-cloud-speech
    #   google-cloud-storage-control
    #   google-cloud-trace
    #   googleapis-common-protos
    #   grpc-google-iam-v1
    #   grpc-interceptor
    #   grpcio-status
grpcio-status==1.80.0
    # via
    #   google-api-core
    #   google-cloud-pubsub
h11==0.16.0
    # via
    #   httpcore
    #   uvicorn
hf-xet==1.4.3
    # via huggingface-hub
httpcore==1.0.9
    # via httpx
httplib2==0.31.2
    # via
    #   google-api-python-client
    #   google-auth-httplib2
httptools==0.7.1
    # via uvicorn
httpx==0.28.1
    # via
    #   datasets
    #   google-adk
    #   google-genai
    #   huggingface-hub
    #   langchain-google-vertexai
    #   langgraph-sdk
    #   langsmith
    #   litellm
    #   mcp
    #   openai
httpx-sse==0.4.3
    # via
    #   langchain-community
    #   langchain-google-vertexai
    #   mcp
huggingface-hub==1.9.2
    # via
    #   datasets
    #   evaluate
    #   tokenizers
idna==3.11
    # via
    #   anyio
    #   httpx
    #   requests
    #   unstructured-client
    #   yarl
importlib-metadata==8.7.1
    # via
    #   litellm
    #   opentelemetry-api
importlib-resources==6.5.2
    # via chromadb
ipykernel==7.2.0
    # via -r requirements.txt
ipython==9.12.0
    # via
    #   ipykernel
    #   ipywidgets
ipython-pygments-lexers==1.1.1
    # via ipython
ipywidgets==8.1.8
    # via -r requirements.txt
jedi==0.19.2
    # via ipython
jinja2==3.1.6
    # via litellm
jiter==0.13.0
    # via openai
joblib==1.5.3
    # via
    #   nltk
    #   scikit-learn
jsonpatch==1.33
    # via langchain-core
jsonpath-python==1.1.5
    # via unstructured-client
jsonpointer==3.1.1
    # via jsonpatch
jsonschema==4.26.0
    # via
    #   google-adk
    #   litellm
    #   mcp
    #   nbformat
jsonschema-specifications==2025.9.1
    # via jsonschema
jupyter-client==8.8.0
    # via ipykernel
jupyter-core==5.9.1
    # via
    #   ipykernel
    #   jupyter-client
    #   nbformat
jupyterlab-widgets==3.0.16
    # via ipywidgets
langchain==0.3.14
    # via
    #   -r requirements.txt
    #   langchain-community
langchain-chroma==0.1.4
    # via -r requirements.txt
langchain-community==0.3.14
    # via -r requirements.txt
langchain-core==0.3.47
    # via
    #   -r requirements.txt
    #   langchain
    #   langchain-chroma
    #   langchain-community
    #   langchain-google-vertexai
    #   langchain-text-splitters
    #   langgraph
    #   langgraph-checkpoint
langchain-google-vertexai==2.0.15
    # via -r requirements.txt
langchain-text-splitters==0.3.5
    # via
    #   -r requirements.txt
    #   langchain
langdetect==1.0.9
    # via unstructured
langgraph==0.2.61
    # via -r requirements.txt
langgraph-checkpoint==2.1.2
    # via langgraph
langgraph-sdk==0.1.74
    # via langgraph
langsmith==0.1.129
    # via
    #   -r requirements.txt
    #   langchain
    #   langchain-community
    #   langchain-core
litellm==1.72.6
    # via -r requirements.txt
lxml==6.0.2
    # via unstructured
mako==1.3.10
    # via alembic
markdown-it-py==4.0.0
    # via rich
markupsafe==3.0.3
    # via
    #   jinja2
    #   mako
marshmallow==3.26.2
    # via
    #   dataclasses-json
    #   unstructured-client
matplotlib-inline==0.2.1
    # via
    #   ipykernel
    #   ipython
mcp==1.27.0
    # via google-adk
mdurl==0.1.2
    # via markdown-it-py
mmh3==5.2.1
    # via google-cloud-spanner
mpmath==1.3.0
    # via sympy
multidict==6.7.1
    # via
    #   aiohttp
    #   yarl
multiprocess==0.70.19
    # via
    #   datasets
    #   evaluate
mypy-extensions==1.1.0
    # via
    #   typing-inspect
    #   unstructured-client
narwhals==2.19.0
    # via plotly
nbformat==5.10.4
    # via -r requirements.txt
nest-asyncio==1.6.0
    # via ipykernel
nltk==3.9.4
    # via
    #   rouge-score
    #   unstructured
numpy==1.26.4
    # via
    #   chroma-hnswlib
    #   chromadb
    #   datasets
    #   db-dtypes
    #   evaluate
    #   faiss-cpu
    #   langchain
    #   langchain-chroma
    #   langchain-community
    #   onnxruntime
    #   pandas
    #   rouge-score
    #   scikit-learn
    #   scipy
    #   unstructured
oauthlib==3.3.1
    # via requests-oauthlib
onnxruntime==1.24.4
    # via chromadb
openai==2.30.0
    # via litellm
opentelemetry-api==1.38.0
    # via
    #   google-adk
    #   google-cloud-logging
    #   google-cloud-pubsub
    #   google-cloud-spanner
    #   opentelemetry-exporter-gcp-logging
    #   opentelemetry-exporter-gcp-monitoring
    #   opentelemetry-exporter-gcp-trace
    #   opentelemetry-exporter-otlp-proto-http
    #   opentelemetry-resourcedetector-gcp
    #   opentelemetry-sdk
    #   opentelemetry-semantic-conventions
opentelemetry-exporter-gcp-logging==1.11.0a0
    # via
    #   google-adk
    #   google-cloud-aiplatform
opentelemetry-exporter-gcp-monitoring==1.11.0a0
    # via google-adk
opentelemetry-exporter-gcp-trace==1.11.0
    # via
    #   google-adk
    #   google-cloud-aiplatform
opentelemetry-exporter-otlp-proto-common==1.38.0
    # via opentelemetry-exporter-otlp-proto-http
opentelemetry-exporter-otlp-proto-http==1.38.0
    # via
    #   google-adk
    #   google-cloud-aiplatform
opentelemetry-proto==1.38.0
    # via
    #   opentelemetry-exporter-otlp-proto-common
    #   opentelemetry-exporter-otlp-proto-http
opentelemetry-resourcedetector-gcp==1.11.0a0
    # via
    #   google-adk
    #   google-cloud-spanner
    #   opentelemetry-exporter-gcp-logging
    #   opentelemetry-exporter-gcp-monitoring
    #   opentelemetry-exporter-gcp-trace
opentelemetry-sdk==1.38.0
    # via
    #   google-adk
    #   google-cloud-aiplatform
    #   google-cloud-pubsub
    #   google-cloud-spanner
    #   opentelemetry-exporter-gcp-logging
    #   opentelemetry-exporter-gcp-monitoring
    #   opentelemetry-exporter-gcp-trace
    #   opentelemetry-exporter-otlp-proto-http
    #   opentelemetry-resourcedetector-gcp
opentelemetry-semantic-conventions==0.59b0
    # via
    #   google-cloud-spanner
    #   opentelemetry-sdk
orderly-set==5.5.0
    # via deepdiff
orjson==3.11.8
    # via
    #   langgraph-sdk
    #   langsmith
ormsgpack==1.12.2
    # via langgraph-checkpoint
overrides==7.7.0
    # via chromadb
packaging==24.2
    # via
    #   datasets
    #   db-dtypes
    #   evaluate
    #   faiss-cpu
    #   google-cloud-aiplatform
    #   google-cloud-bigquery
    #   huggingface-hub
    #   ipykernel
    #   langchain-core
    #   marshmallow
    #   onnxruntime
    #   plotly
    #   unstructured-client
pandas==2.3.3
    # via
    #   datasets
    #   db-dtypes
    #   evaluate
parso==0.8.6
    # via jedi
pexpect==4.9.0
    # via ipython
pillow==12.2.0
    # via -r requirements.txt
platformdirs==4.9.4
    # via jupyter-core
plotly==6.6.0
    # via -r requirements.txt
posthog==7.10.2
    # via chromadb
prompt-toolkit==3.0.52
    # via ipython
propcache==0.4.1
    # via
    #   aiohttp
    #   yarl
proto-plus==1.27.2
    # via
    #   google-api-core
    #   google-cloud-aiplatform
    #   google-cloud-appengine-logging
    #   google-cloud-bigquery-storage
    #   google-cloud-bigtable
    #   google-cloud-dataplex
    #   google-cloud-discoveryengine
    #   google-cloud-iam
    #   google-cloud-logging
    #   google-cloud-modelarmor
    #   google-cloud-monitoring
    #   google-cloud-pubsub
    #   google-cloud-resource-manager
    #   google-cloud-secret-manager
    #   google-cloud-spanner
    #   google-cloud-speech
    #   google-cloud-storage-control
    #   google-cloud-trace
protobuf==6.33.6
    # via
    #   google-api-core
    #   google-cloud-aiplatform
    #   google-cloud-appengine-logging
    #   google-cloud-audit-log
    #   google-cloud-bigquery-storage
    #   google-cloud-bigtable
    #   google-cloud-dataplex
    #   google-cloud-discoveryengine
    #   google-cloud-iam
    #   google-cloud-logging
    #   google-cloud-modelarmor
    #   google-cloud-monitoring
    #   google-cloud-pubsub
    #   google-cloud-resource-manager
    #   google-cloud-secret-manager
    #   google-cloud-spanner
    #   google-cloud-speech
    #   google-cloud-storage-control
    #   google-cloud-trace
    #   googleapis-common-protos
    #   grpc-google-iam-v1
    #   grpcio-status
    #   onnxruntime
    #   opentelemetry-proto
    #   proto-plus
psutil==7.2.2
    # via ipykernel
ptyprocess==0.7.0
    # via pexpect
pulsar-client==3.10.0
    # via chromadb
pure-eval==0.2.3
    # via stack-data
pyarrow==23.0.1
    # via
    #   datasets
    #   db-dtypes
    #   google-adk
pyasn1==0.6.3
    # via pyasn1-modules
pyasn1-modules==0.4.2
    # via google-auth
pycparser==3.0
    # via cffi
pydantic==2.12.0
    # via
    #   -r requirements.txt
    #   chromadb
    #   fastapi
    #   google-adk
    #   google-cloud-aiplatform
    #   google-genai
    #   langchain
    #   langchain-core
    #   langchain-google-vertexai
    #   langsmith
    #   litellm
    #   mcp
    #   openai
    #   pydantic-settings
pydantic-core==2.41.1
    # via pydantic
pydantic-settings==2.13.1
    # via
    #   langchain-community
    #   mcp
pygments==2.20.0
    # via
    #   ipython
    #   ipython-pygments-lexers
    #   rich
pyjwt==2.12.1
    # via mcp
pyopenssl==26.0.0
    # via google-auth
pyparsing==3.3.2
    # via httplib2
pypdf==4.3.1
    # via
    #   -r requirements.txt
    #   unstructured-client
pypika==0.51.1
    # via chromadb
python-dateutil==2.9.0.post0
    # via
    #   google-adk
    #   google-cloud-bigquery
    #   jupyter-client
    #   pandas
    #   posthog
    #   unstructured-client
python-dotenv==1.2.2
    # via
    #   google-adk
    #   litellm
    #   pydantic-settings
    #   uvicorn
python-iso639==2026.1.31
    # via unstructured
python-magic==0.4.27
    # via unstructured
python-multipart==0.0.24
    # via mcp
pytz==2026.1.post1
    # via pandas
pyyaml==6.0.2
    # via
    #   -r requirements.txt
    #   datasets
    #   google-adk
    #   huggingface-hub
    #   langchain
    #   langchain-community
    #   langchain-core
    #   uvicorn
pyzmq==27.1.0
    # via
    #   ipykernel
    #   jupyter-client
rapidfuzz==3.14.5
    # via unstructured
referencing==0.37.0
    # via
    #   jsonschema
    #   jsonschema-specifications
regex==2026.4.4
    # via
    #   nltk
    #   tiktoken
requests==2.33.1
    # via
    #   chromadb
    #   datasets
    #   evaluate
    #   gcsfs
    #   google-adk
    #   google-api-core
    #   google-auth
    #   google-cloud-bigquery
    #   google-cloud-storage
    #   google-genai
    #   langchain
    #   langchain-community
    #   langsmith
    #   opentelemetry-exporter-otlp-proto-http
    #   opentelemetry-resourcedetector-gcp
    #   posthog
    #   requests-oauthlib
    #   responses
    #   tiktoken
    #   unstructured
    #   unstructured-client
    #   wikipedia
requests-oauthlib==2.0.0
    # via google-auth-oauthlib
responses==0.18.0
    # via evaluate
rich==14.3.3
    # via typer
rouge-score==0.1.2
    # via -r requirements.txt
rpds-py==0.30.0
    # via
    #   jsonschema
    #   referencing
scikit-learn==1.8.0
    # via -r requirements.txt
scipy==1.17.1
    # via
    #   -r requirements.txt
    #   scikit-learn
setuptools==81.0.0
    # via -r requirements.txt
shellingham==1.5.4
    # via typer
six==1.17.0
    # via
    #   langdetect
    #   posthog
    #   python-dateutil
    #   rouge-score
    #   unstructured-client
sniffio==1.3.1
    # via
    #   google-genai
    #   openai
soupsieve==2.8.3
    # via beautifulsoup4
sqlalchemy==2.0.49
    # via
    #   alembic
    #   google-adk
    #   langchain
    #   langchain-community
    #   sqlalchemy-spanner
sqlalchemy-spanner==1.17.3
    # via google-adk
sqlparse==0.5.5
    # via google-cloud-spanner
sse-starlette==3.3.4
    # via mcp
stack-data==0.6.3
    # via ipython
starlette==0.52.1
    # via
    #   fastapi
    #   google-adk
    #   mcp
    #   sse-starlette
sympy==1.14.0
    # via onnxruntime
tabulate==0.10.0
    # via unstructured
tenacity==9.1.4
    # via
    #   google-adk
    #   google-genai
    #   langchain
    #   langchain-community
    #   langchain-core
termcolor==3.3.0
    # via fire
threadpoolctl==3.6.0
    # via scikit-learn
tiktoken==0.12.0
    # via litellm
tokenizers==0.22.2
    # via
    #   chromadb
    #   litellm
tornado==6.5.5
    # via
    #   ipykernel
    #   jupyter-client
tqdm==4.67.3
    # via
    #   chromadb
    #   datasets
    #   evaluate
    #   huggingface-hub
    #   nltk
    #   openai
traitlets==5.14.3
    # via
    #   ipykernel
    #   ipython
    #   ipywidgets
    #   jupyter-client
    #   jupyter-core
    #   matplotlib-inline
    #   nbformat
typer==0.24.1
    # via
    #   chromadb
    #   huggingface-hub
typing-extensions==4.15.0
    # via
    #   aiosignal
    #   alembic
    #   anyio
    #   beautifulsoup4
    #   chromadb
    #   fastapi
    #   google-adk
    #   google-cloud-aiplatform
    #   google-genai
    #   grpcio
    #   huggingface-hub
    #   langchain-core
    #   mcp
    #   openai
    #   opentelemetry-api
    #   opentelemetry-exporter-otlp-proto-http
    #   opentelemetry-resourcedetector-gcp
    #   opentelemetry-sdk
    #   opentelemetry-semantic-conventions
    #   posthog
    #   pydantic
    #   pydantic-core
    #   pyopenssl
    #   referencing
    #   sqlalchemy
    #   starlette
    #   typing-inspect
    #   typing-inspection
    #   unstructured
    #   unstructured-client
typing-inspect==0.9.0
    # via
    #   dataclasses-json
    #   unstructured-client
typing-inspection==0.4.2
    # via
    #   fastapi
    #   mcp
    #   pydantic
    #   pydantic-settings
tzdata==2026.1
    # via pandas
tzlocal==5.3.1
    # via google-adk
unstructured==0.14.4
    # via -r requirements.txt
unstructured-client==0.22.0
    # via
    #   -r requirements.txt
    #   unstructured
uritemplate==4.2.0
    # via google-api-python-client
urllib3==2.6.3
    # via
    #   requests
    #   responses
    #   unstructured-client
uvicorn==0.44.0
    # via
    #   chromadb
    #   google-adk
    #   mcp
uvloop==0.22.1
    # via uvicorn
watchdog==6.0.0
    # via google-adk
watchfiles==1.1.1
    # via uvicorn
wcwidth==0.6.0
    # via prompt-toolkit
websockets==15.0.1
    # via
    #   google-adk
    #   google-genai
    #   uvicorn
widgetsnbextension==4.0.15
    # via ipywidgets
wikipedia==1.4.0
    # via -r requirements.txt
wrapt==2.1.2
    # via unstructured
xxhash==3.6.0
    # via
    #   datasets
    #   evaluate
yarl==1.23.0
    # via aiohttp
zipp==3.23.0
    # via importlib-metadata
