# This file was autogenerated by uv via the following command:
#    uv pip compile requirements.txt -o requirements.lock
absl-py==2.4.0
    # via
    #   array-record
    #   dm-tree
    #   etils
    #   keras
    #   keras-hub
    #   lit-nlp
    #   ml-collections
    #   rouge-score
    #   tensorboard
    #   tensorflow
    #   tensorflow-datasets
    #   tensorflow-metadata
aiohappyeyeballs==2.6.1
    # via aiohttp
aiohttp==3.13.5
    # via gcsfs
aiosignal==1.4.0
    # via aiohttp
annotated-doc==0.0.4
    # via fastapi
annotated-types==0.7.0
    # via pydantic
annoy==1.17.3
    # via lit-nlp
anyio==4.13.0
    # via
    #   google-genai
    #   httpx
    #   starlette
apache-beam==2.65.0
    # via -r requirements.txt
array-record==0.8.3
    # via tensorflow-datasets
asttokens==3.0.1
    # via stack-data
astunparse==1.6.3
    # via tensorflow
attrs==26.1.0
    # via
    #   aiohttp
    #   dm-tree
    #   jsonschema
    #   lit-nlp
    #   referencing
cachetools==5.5.2
    # via apache-beam
certifi==2026.2.25
    # via
    #   httpcore
    #   httpx
    #   requests
cffi==2.0.0
    # via cryptography
charset-normalizer==3.4.7
    # via requests
click==8.3.2
    # via nltk
cloudml-hypertune==0.1.0.dev6
    # via -r requirements.txt
cloudpickle==3.1.2
    # via shap
colorama==0.4.6
    # via sacrebleu
comm==0.2.3
    # via
    #   ipykernel
    #   ipywidgets
contourpy==1.3.3
    # via matplotlib
crcmod==1.7
    # via apache-beam
cryptography==46.0.7
    # via
    #   google-auth
    #   secretstorage
cycler==0.12.1
    # via matplotlib
db-dtypes==1.4.4
    # via -r requirements.txt
debugpy==1.8.20
    # via ipykernel
decorator==5.2.1
    # via
    #   gcsfs
    #   ipython
dill==0.3.1.1
    # via apache-beam
distro==1.9.0
    # via google-genai
dm-tree==0.1.10
    # via tensorflow-datasets
dnspython==2.8.0
    # via pymongo
docopt==0.6.2
    # via hdfs
docstring-parser==0.17.0
    # via
    #   google-cloud-aiplatform
    #   simple-parsing
einops==0.8.2
    # via etils
etils==1.14.0
    # via
    #   array-record
    #   lit-nlp
    #   tensorflow-datasets
executing==2.2.1
    # via stack-data
fastapi==0.135.3
    # via -r requirements.txt
fastavro==1.12.1
    # via apache-beam
fasteners==0.20
    # via
    #   apache-beam
    #   google-apitools
filelock==3.25.2
    # via lit-nlp
fire==0.7.1
    # via -r requirements.txt
flatbuffers==25.12.19
    # via tensorflow
fonttools==4.62.1
    # via matplotlib
frozenlist==1.8.0
    # via
    #   aiohttp
    #   aiosignal
fsspec==2025.12.0
    # via
    #   -r requirements.txt
    #   etils
    #   gcsfs
gast==0.7.0
    # via tensorflow
gcsfs==2025.12.0
    # via -r requirements.txt
google-api-core==2.30.2
    # via
    #   -r requirements.txt
    #   apache-beam
    #   google-cloud-aiplatform
    #   google-cloud-bigquery
    #   google-cloud-bigquery-storage
    #   google-cloud-bigtable
    #   google-cloud-core
    #   google-cloud-datastore
    #   google-cloud-dlp
    #   google-cloud-language
    #   google-cloud-monitoring
    #   google-cloud-pubsub
    #   google-cloud-pubsublite
    #   google-cloud-recommendations-ai
    #   google-cloud-resource-manager
    #   google-cloud-spanner
    #   google-cloud-storage
    #   google-cloud-storage-control
    #   google-cloud-translate
    #   google-cloud-videointelligence
    #   google-cloud-vision
google-apitools==0.5.31
    # via apache-beam
google-auth==2.49.1
    # via
    #   apache-beam
    #   gcsfs
    #   google-api-core
    #   google-auth-httplib2
    #   google-auth-oauthlib
    #   google-cloud-aiplatform
    #   google-cloud-bigquery
    #   google-cloud-bigquery-storage
    #   google-cloud-bigtable
    #   google-cloud-core
    #   google-cloud-datastore
    #   google-cloud-dlp
    #   google-cloud-language
    #   google-cloud-monitoring
    #   google-cloud-pubsub
    #   google-cloud-recommendations-ai
    #   google-cloud-resource-manager
    #   google-cloud-storage
    #   google-cloud-storage-control
    #   google-cloud-translate
    #   google-cloud-videointelligence
    #   google-cloud-vision
    #   google-genai
    #   keyrings-google-artifactregistry-auth
google-auth-httplib2==0.2.1
    # via apache-beam
google-auth-oauthlib==1.3.1
    # via gcsfs
google-cloud-aiplatform==1.146.0
    # via
    #   -r requirements.txt
    #   apache-beam
google-cloud-bigquery==3.41.0
    # via
    #   -r requirements.txt
    #   apache-beam
    #   google-cloud-aiplatform
google-cloud-bigquery-storage==2.37.0
    # via apache-beam
google-cloud-bigtable==2.36.0
    # via apache-beam
google-cloud-core==2.5.1
    # via
    #   apache-beam
    #   google-cloud-bigquery
    #   google-cloud-bigtable
    #   google-cloud-datastore
    #   google-cloud-spanner
    #   google-cloud-storage
    #   google-cloud-translate
google-cloud-datastore==2.24.0
    # via apache-beam
google-cloud-dlp==3.35.0
    # via apache-beam
google-cloud-language==2.20.0
    # via apache-beam
google-cloud-monitoring==2.30.0
    # via google-cloud-spanner
google-cloud-pubsub==2.36.0
    # via
    #   apache-beam
    #   google-cloud-pubsublite
google-cloud-pubsublite==1.13.0
    # via apache-beam
google-cloud-recommendations-ai==0.10.18
    # via apache-beam
google-cloud-resource-manager==1.17.0
    # via google-cloud-aiplatform
google-cloud-spanner==3.64.0
    # via apache-beam
google-cloud-storage==2.19.0
    # via
    #   -r requirements.txt
    #   apache-beam
    #   gcsfs
    #   google-cloud-aiplatform
google-cloud-storage-control==1.11.0
    # via gcsfs
google-cloud-translate==3.25.0
    # via lit-nlp
google-cloud-videointelligence==2.19.0
    # via apache-beam
google-cloud-vision==3.13.0
    # via apache-beam
google-crc32c==1.8.0
    # via
    #   google-cloud-bigtable
    #   google-cloud-storage
    #   google-resumable-media
google-genai==1.70.0
    # via google-cloud-aiplatform
google-pasta==0.2.0
    # via tensorflow
google-resumable-media==2.8.2
    # via
    #   google-cloud-bigquery
    #   google-cloud-storage
googleapis-common-protos==1.74.0
    # via
    #   google-api-core
    #   grpc-google-iam-v1
    #   grpcio-status
    #   tensorflow-metadata
grpc-google-iam-v1==0.14.4
    # via
    #   google-cloud-bigtable
    #   google-cloud-pubsub
    #   google-cloud-resource-manager
    #   google-cloud-spanner
    #   google-cloud-storage-control
    #   google-cloud-translate
grpc-interceptor==0.15.4
    # via google-cloud-spanner
grpcio==1.65.5
    # via
    #   apache-beam
    #   google-api-core
    #   google-cloud-bigquery-storage
    #   google-cloud-datastore
    #   google-cloud-dlp
    #   google-cloud-language
    #   google-cloud-monitoring
    #   google-cloud-pubsub
    #   google-cloud-pubsublite
    #   google-cloud-resource-manager
    #   google-cloud-storage-control
    #   google-cloud-translate
    #   google-cloud-videointelligence
    #   google-cloud-vision
    #   googleapis-common-protos
    #   grpc-google-iam-v1
    #   grpc-interceptor
    #   grpcio-status
    #   tensorboard
    #   tensorflow
grpcio-status==1.65.5
    # via
    #   google-api-core
    #   google-cloud-pubsub
    #   google-cloud-pubsublite
h11==0.16.0
    # via httpcore
h5py==3.16.0
    # via
    #   keras
    #   tensorflow
hdfs==2.7.3
    # via apache-beam
httpcore==1.0.9
    # via httpx
httplib2==0.22.0
    # via
    #   apache-beam
    #   google-apitools
    #   google-auth-httplib2
    #   oauth2client
httpx==0.28.1
    # via google-genai
idna==3.11
    # via
    #   anyio
    #   httpx
    #   requests
    #   yarl
imageio==2.37.3
    # via scikit-image
immutabledict==4.3.1
    # via tensorflow-datasets
importlib-metadata==8.7.1
    # via opentelemetry-api
ipykernel==7.2.0
    # via -r requirements.txt
ipython==9.12.0
    # via
    #   ipykernel
    #   ipywidgets
    #   lit-nlp
ipython-pygments-lexers==1.1.1
    # via ipython
ipywidgets==8.1.8
    # via -r requirements.txt
jaraco-classes==3.4.0
    # via keyring
jaraco-context==6.1.2
    # via keyring
jaraco-functools==4.4.0
    # via keyring
jax==0.5.0
    # via -r requirements.txt
jaxlib==0.5.0
    # via jax
jedi==0.19.2
    # via ipython
jeepney==0.9.0
    # via
    #   keyring
    #   secretstorage
jinja2==3.1.6
    # via pandas
joblib==1.5.3
    # via
    #   nltk
    #   scikit-learn
jsonpickle==3.4.2
    # via apache-beam
jsonschema==4.26.0
    # via apache-beam
jsonschema-specifications==2025.9.1
    # via jsonschema
jupyter-client==8.8.0
    # via ipykernel
jupyter-core==5.9.1
    # via
    #   ipykernel
    #   jupyter-client
jupyterlab-widgets==3.0.16
    # via ipywidgets
kagglehub==1.0.0
    # via keras-hub
kagglesdk==0.1.16
    # via kagglehub
keras==3.12.0
    # via
    #   -r requirements.txt
    #   keras-hub
    #   tensorflow
keras-hub==0.21.1
    # via -r requirements.txt
keyring==25.7.0
    # via keyrings-google-artifactregistry-auth
keyrings-google-artifactregistry-auth==1.1.2
    # via apache-beam
kiwisolver==1.5.0
    # via matplotlib
lazy-loader==0.5
    # via scikit-image
levenshtein==0.27.3
    # via lit-nlp
libclang==18.1.1
    # via tensorflow
lit-nlp==1.3.1
    # via -r requirements.txt
llvmlite==0.47.0
    # via numba
lxml==6.0.2
    # via sacrebleu
markdown==3.10.2
    # via tensorboard
markdown-it-py==4.0.0
    # via rich
markupsafe==3.0.3
    # via
    #   jinja2
    #   werkzeug
matplotlib==3.10.8
    # via
    #   lit-nlp
    #   seaborn
matplotlib-inline==0.2.1
    # via
    #   ipykernel
    #   ipython
mdurl==0.1.2
    # via markdown-it-py
ml-collections==1.1.0
    # via lit-nlp
ml-dtypes==0.5.4
    # via
    #   jax
    #   jaxlib
    #   keras
    #   tensorflow
mmh3==5.2.1
    # via google-cloud-spanner
more-itertools==11.0.1
    # via
    #   jaraco-classes
    #   jaraco-functools
multidict==6.7.1
    # via
    #   aiohttp
    #   yarl
namex==0.1.0
    # via keras
nest-asyncio==1.6.0
    # via ipykernel
networkx==3.6.1
    # via scikit-image
nltk==3.9.4
    # via rouge-score
numba==0.65.0
    # via shap
numpy==1.26.4
    # via
    #   apache-beam
    #   contourpy
    #   db-dtypes
    #   dm-tree
    #   etils
    #   h5py
    #   imageio
    #   jax
    #   jaxlib
    #   keras
    #   keras-hub
    #   lit-nlp
    #   matplotlib
    #   ml-dtypes
    #   numba
    #   pandas
    #   pyarrow
    #   rouge-score
    #   sacrebleu
    #   saliency
    #   scikit-image
    #   scikit-learn
    #   scipy
    #   seaborn
    #   shap
    #   tensorboard
    #   tensorflow
    #   tensorflow-datasets
    #   tensorflow-hub
    #   tifffile
nvidia-cublas-cu12==12.5.3.2
    # via
    #   nvidia-cudnn-cu12
    #   nvidia-cusolver-cu12
    #   tensorflow
nvidia-cuda-cupti-cu12==12.5.82
    # via tensorflow
nvidia-cuda-nvcc-cu12==12.5.82
    # via tensorflow
nvidia-cuda-nvrtc-cu12==12.5.82
    # via tensorflow
nvidia-cuda-runtime-cu12==12.5.82
    # via tensorflow
nvidia-cudnn-cu12==9.3.0.75
    # via tensorflow
nvidia-cufft-cu12==11.2.3.61
    # via tensorflow
nvidia-curand-cu12==10.3.6.82
    # via tensorflow
nvidia-cusolver-cu12==11.6.3.83
    # via tensorflow
nvidia-cusparse-cu12==12.5.1.3
    # via
    #   nvidia-cusolver-cu12
    #   tensorflow
nvidia-nccl-cu12==2.21.5
    # via tensorflow
nvidia-nvjitlink-cu12==12.5.82
    # via
    #   nvidia-cufft-cu12
    #   nvidia-cusolver-cu12
    #   nvidia-cusparse-cu12
    #   tensorflow
oauth2client==4.1.3
    # via google-apitools
oauthlib==3.3.1
    # via requests-oauthlib
objsize==0.7.1
    # via apache-beam
opentelemetry-api==1.40.0
    # via
    #   google-cloud-pubsub
    #   google-cloud-spanner
    #   opentelemetry-resourcedetector-gcp
    #   opentelemetry-sdk
    #   opentelemetry-semantic-conventions
opentelemetry-resourcedetector-gcp==1.11.0a0
    # via google-cloud-spanner
opentelemetry-sdk==1.40.0
    # via
    #   google-cloud-pubsub
    #   google-cloud-spanner
    #   opentelemetry-resourcedetector-gcp
opentelemetry-semantic-conventions==0.61b0
    # via
    #   google-cloud-spanner
    #   opentelemetry-sdk
opt-einsum==3.4.0
    # via
    #   jax
    #   tensorflow
optree==0.19.0
    # via keras
orjson==3.11.8
    # via apache-beam
overrides==7.7.0
    # via google-cloud-pubsublite
packaging==26.0
    # via
    #   apache-beam
    #   db-dtypes
    #   google-cloud-aiplatform
    #   google-cloud-bigquery
    #   ipykernel
    #   kagglehub
    #   keras
    #   keras-hub
    #   lazy-loader
    #   matplotlib
    #   scikit-image
    #   shap
    #   tensorboard
    #   tensorflow
    #   wheel
pandas==3.0.2
    # via
    #   db-dtypes
    #   lit-nlp
    #   seaborn
    #   shap
parso==0.8.6
    # via jedi
pexpect==4.9.0
    # via ipython
pillow==12.2.0
    # via
    #   imageio
    #   lit-nlp
    #   matplotlib
    #   scikit-image
platformdirs==4.9.4
    # via jupyter-core
pluggy==1.6.0
    # via keyrings-google-artifactregistry-auth
portalocker==3.2.0
    # via sacrebleu
portpicker==1.6.0
    # via lit-nlp
promise==2.3
    # via tensorflow-datasets
prompt-toolkit==3.0.52
    # via ipython
propcache==0.4.1
    # via
    #   aiohttp
    #   yarl
proto-plus==1.27.2
    # via
    #   apache-beam
    #   google-api-core
    #   google-cloud-aiplatform
    #   google-cloud-bigquery-storage
    #   google-cloud-bigtable
    #   google-cloud-datastore
    #   google-cloud-dlp
    #   google-cloud-language
    #   google-cloud-monitoring
    #   google-cloud-pubsub
    #   google-cloud-pubsublite
    #   google-cloud-recommendations-ai
    #   google-cloud-resource-manager
    #   google-cloud-spanner
    #   google-cloud-storage-control
    #   google-cloud-translate
    #   google-cloud-videointelligence
    #   google-cloud-vision
protobuf==5.29.6
    # via
    #   apache-beam
    #   google-api-core
    #   google-cloud-aiplatform
    #   google-cloud-bigquery-storage
    #   google-cloud-bigtable
    #   google-cloud-datastore
    #   google-cloud-dlp
    #   google-cloud-language
    #   google-cloud-monitoring
    #   google-cloud-pubsub
    #   google-cloud-recommendations-ai
    #   google-cloud-resource-manager
    #   google-cloud-spanner
    #   google-cloud-storage-control
    #   google-cloud-translate
    #   google-cloud-videointelligence
    #   google-cloud-vision
    #   googleapis-common-protos
    #   grpc-google-iam-v1
    #   grpcio-status
    #   kagglesdk
    #   proto-plus
    #   tensorboard
    #   tensorflow
    #   tensorflow-datasets
    #   tensorflow-hub
    #   tensorflow-metadata
psutil==7.2.2
    # via
    #   ipykernel
    #   portpicker
    #   tensorflow-datasets
ptyprocess==0.7.0
    # via pexpect
pure-eval==0.2.3
    # via stack-data
pyarrow==16.1.0
    # via
    #   apache-beam
    #   db-dtypes
    #   tensorflow-datasets
pyarrow-hotfix==0.7
    # via apache-beam
pyasn1==0.6.3
    # via
    #   oauth2client
    #   pyasn1-modules
    #   rsa
pyasn1-modules==0.4.2
    # via
    #   google-auth
    #   oauth2client
pycparser==3.0
    # via cffi
pydantic==2.12.5
    # via
    #   fastapi
    #   google-cloud-aiplatform
    #   google-genai
pydantic-core==2.41.5
    # via pydantic
pydot==1.4.2
    # via apache-beam
pygments==2.20.0
    # via
    #   ipython
    #   ipython-pygments-lexers
    #   rich
pyjwt==2.12.1
    # via redis
pymongo==4.16.0
    # via apache-beam
pyparsing==3.3.2
    # via
    #   httplib2
    #   matplotlib
    #   pydot
python-dateutil==2.9.0.post0
    # via
    #   apache-beam
    #   google-cloud-bigquery
    #   jupyter-client
    #   matplotlib
    #   pandas
pytz==2026.1.post1
    # via apache-beam
pyyaml==6.0.3
    # via
    #   apache-beam
    #   kagglehub
    #   ml-collections
pyzmq==27.1.0
    # via
    #   ipykernel
    #   jupyter-client
rapidfuzz==3.14.5
    # via levenshtein
redis==5.3.1
    # via apache-beam
referencing==0.37.0
    # via
    #   jsonschema
    #   jsonschema-specifications
regex==2026.4.4
    # via
    #   apache-beam
    #   keras-hub
    #   nltk
    #   sacrebleu
requests==2.33.1
    # via
    #   apache-beam
    #   gcsfs
    #   google-api-core
    #   google-auth
    #   google-cloud-bigquery
    #   google-cloud-storage
    #   google-genai
    #   hdfs
    #   kagglehub
    #   kagglesdk
    #   keyrings-google-artifactregistry-auth
    #   lit-nlp
    #   opentelemetry-resourcedetector-gcp
    #   requests-oauthlib
    #   tensorflow
    #   tensorflow-datasets
requests-oauthlib==2.0.0
    # via google-auth-oauthlib
rich==14.3.3
    # via
    #   keras
    #   keras-hub
rouge-score==0.1.2
    # via lit-nlp
rpds-py==0.30.0
    # via
    #   jsonschema
    #   referencing
rsa==4.9.1
    # via oauth2client
sacrebleu==2.6.0
    # via lit-nlp
saliency==0.2.1
    # via
    #   -r requirements.txt
    #   lit-nlp
scikit-image==0.26.0
    # via saliency
scikit-learn==1.8.0
    # via
    #   lit-nlp
    #   shap
scipy==1.17.1
    # via
    #   jax
    #   jaxlib
    #   lit-nlp
    #   scikit-image
    #   scikit-learn
    #   shap
seaborn==0.13.2
    # via -r requirements.txt
secretstorage==3.5.0
    # via keyring
setuptools==81.0.0
    # via
    #   -r requirements.txt
    #   tensorboard
    #   tensorflow
shap==0.45.1
    # via lit-nlp
simple-parsing==0.1.8
    # via tensorflow-datasets
six==1.17.0
    # via
    #   astunparse
    #   google-apitools
    #   google-pasta
    #   hdfs
    #   lit-nlp
    #   oauth2client
    #   promise
    #   python-dateutil
    #   rouge-score
    #   tensorboard
    #   tensorflow
slicer==0.0.8
    # via shap
sniffio==1.3.1
    # via google-genai
sortedcontainers==2.4.0
    # via apache-beam
sqlparse==0.5.5
    # via google-cloud-spanner
stack-data==0.6.3
    # via ipython
starlette==1.0.0
    # via fastapi
tabulate==0.10.0
    # via
    #   pandas
    #   sacrebleu
tenacity==9.1.4
    # via google-genai
tensorboard==2.18.0
    # via tensorflow
tensorboard-data-server==0.7.2
    # via tensorboard
tensorflow==2.18.1
    # via
    #   -r requirements.txt
    #   tensorflow-text
    #   tf-keras
tensorflow-datasets==4.9.9
    # via -r requirements.txt
tensorflow-hub==0.16.1
    # via -r requirements.txt
tensorflow-metadata==1.17.3
    # via tensorflow-datasets
tensorflow-text==2.18.1
    # via keras-hub
termcolor==3.3.0
    # via
    #   fire
    #   lit-nlp
    #   tensorflow
    #   tensorflow-datasets
tf-keras==2.18.0
    # via
    #   -r requirements.txt
    #   tensorflow-hub
threadpoolctl==3.6.0
    # via scikit-learn
tifffile==2026.3.3
    # via scikit-image
toml==0.10.2
    # via tensorflow-datasets
tornado==6.5.5
    # via
    #   ipykernel
    #   jupyter-client
tqdm==4.67.3
    # via
    #   etils
    #   kagglehub
    #   lit-nlp
    #   nltk
    #   shap
    #   tensorflow-datasets
traitlets==5.14.3
    # via
    #   ipykernel
    #   ipython
    #   ipywidgets
    #   jupyter-client
    #   jupyter-core
    #   matplotlib-inline
typing-extensions==4.15.0
    # via
    #   aiosignal
    #   anyio
    #   apache-beam
    #   etils
    #   fastapi
    #   google-cloud-aiplatform
    #   google-genai
    #   opentelemetry-api
    #   opentelemetry-resourcedetector-gcp
    #   opentelemetry-sdk
    #   opentelemetry-semantic-conventions
    #   optree
    #   pydantic
    #   pydantic-core
    #   referencing
    #   simple-parsing
    #   starlette
    #   tensorflow
    #   typing-inspection
typing-inspection==0.4.2
    # via
    #   fastapi
    #   pydantic
urllib3==2.6.3
    # via requests
wcwidth==0.6.0
    # via prompt-toolkit
websockets==16.0
    # via google-genai
werkzeug==3.1.8
    # via
    #   lit-nlp
    #   tensorboard
wheel==0.46.3
    # via astunparse
widgetsnbextension==4.0.15
    # via ipywidgets
wrapt==2.1.2
    # via
    #   dm-tree
    #   tensorflow
    #   tensorflow-datasets
yarl==1.23.0
    # via aiohttp
zipp==3.23.0
    # via
    #   etils
    #   importlib-metadata
zstandard==0.25.0
    # via apache-beam
