# This file was autogenerated by uv via the following command:
#    uv pip compile requirements.txt -o requirements.lock
aiofiles==25.1.0
    # via cloud-sql-python-connector
aiohappyeyeballs==2.6.1
    # via aiohttp
aiohttp==3.13.5
    # via
    #   cloud-sql-python-connector
    #   gcsfs
aiosignal==1.4.0
    # via aiohttp
annotated-doc==0.0.4
    # via fastapi
annotated-types==0.7.0
    # via pydantic
anyio==4.13.0
    # via
    #   google-genai
    #   httpx
    #   starlette
apache-beam==2.72.0
    # via -r requirements.txt
asn1crypto==1.5.1
    # via scramp
asttokens==3.0.1
    # via stack-data
attrs==26.1.0
    # via aiohttp
beartype==0.22.9
    # via apache-beam
betterproto==1.2.5
    # via envoy-data-plane
cachetools==6.2.6
    # via apache-beam
certifi==2026.2.25
    # via
    #   httpcore
    #   httpx
    #   kfp-server-api
    #   kubernetes
    #   requests
cffi==2.0.0
    # via cryptography
charset-normalizer==3.4.7
    # via requests
click==8.3.2
    # via
    #   click-option-group
    #   kfp
click-option-group==0.5.7
    # via kfp
cloud-sql-python-connector==1.20.1
    # via apache-beam
cloudml-hypertune==0.1.0.dev6
    # via -r requirements.txt
comm==0.2.3
    # via
    #   ipykernel
    #   ipywidgets
cryptography==46.0.7
    # via
    #   apache-beam
    #   cloud-sql-python-connector
    #   google-auth
    #   secretstorage
db-dtypes==1.5.1
    # via -r requirements.txt
debugpy==1.8.20
    # via ipykernel
decorator==5.2.1
    # via
    #   gcsfs
    #   ipython
distro==1.9.0
    # via google-genai
dnspython==2.8.0
    # via
    #   cloud-sql-python-connector
    #   pymongo
docstring-parser==0.17.0
    # via
    #   google-cloud-aiplatform
    #   kfp
envoy-data-plane==0.1.0
    # via apache-beam
executing==2.2.1
    # via stack-data
fastapi==0.135.3
    # via -r requirements.txt
fastavro==1.12.1
    # via apache-beam
fasteners==0.20
    # via
    #   apache-beam
    #   google-apitools
fire==0.7.1
    # via -r requirements.txt
frozenlist==1.8.0
    # via
    #   aiohttp
    #   aiosignal
fsspec==2025.12.0
    # via
    #   -r requirements.txt
    #   gcsfs
gcsfs==2025.12.0
    # via -r requirements.txt
google-api-core==2.30.2
    # via
    #   -r requirements.txt
    #   apache-beam
    #   google-cloud-aiplatform
    #   google-cloud-bigquery
    #   google-cloud-bigquery-storage
    #   google-cloud-bigtable
    #   google-cloud-build
    #   google-cloud-core
    #   google-cloud-datastore
    #   google-cloud-dlp
    #   google-cloud-kms
    #   google-cloud-language
    #   google-cloud-monitoring
    #   google-cloud-pipeline-components
    #   google-cloud-pubsub
    #   google-cloud-recommendations-ai
    #   google-cloud-resource-manager
    #   google-cloud-secret-manager
    #   google-cloud-spanner
    #   google-cloud-storage
    #   google-cloud-storage-control
    #   google-cloud-videointelligence
    #   google-cloud-vision
    #   kfp
google-apitools==0.5.31
    # via apache-beam
google-auth==2.49.1
    # via
    #   apache-beam
    #   cloud-sql-python-connector
    #   gcsfs
    #   google-api-core
    #   google-auth-httplib2
    #   google-auth-oauthlib
    #   google-cloud-aiplatform
    #   google-cloud-bigquery
    #   google-cloud-bigquery-storage
    #   google-cloud-bigtable
    #   google-cloud-build
    #   google-cloud-core
    #   google-cloud-datastore
    #   google-cloud-dlp
    #   google-cloud-kms
    #   google-cloud-language
    #   google-cloud-monitoring
    #   google-cloud-pubsub
    #   google-cloud-recommendations-ai
    #   google-cloud-resource-manager
    #   google-cloud-secret-manager
    #   google-cloud-storage
    #   google-cloud-storage-control
    #   google-cloud-videointelligence
    #   google-cloud-vision
    #   google-genai
    #   keyrings-google-artifactregistry-auth
    #   kfp
    #   kubernetes
google-auth-httplib2==0.2.1
    # via apache-beam
google-auth-oauthlib==1.3.1
    # via gcsfs
google-cloud-aiplatform==1.146.0
    # via
    #   -r requirements.txt
    #   apache-beam
    #   google-cloud-pipeline-components
google-cloud-bigquery==3.41.0
    # via
    #   -r requirements.txt
    #   apache-beam
    #   google-cloud-aiplatform
google-cloud-bigquery-storage==2.37.0
    # via apache-beam
google-cloud-bigtable==2.36.0
    # via apache-beam
google-cloud-build==3.36.0
    # via apache-beam
google-cloud-core==2.5.1
    # via
    #   apache-beam
    #   google-cloud-bigquery
    #   google-cloud-bigtable
    #   google-cloud-datastore
    #   google-cloud-spanner
    #   google-cloud-storage
google-cloud-datastore==2.24.0
    # via apache-beam
google-cloud-dlp==3.35.0
    # via apache-beam
google-cloud-kms==3.12.0
    # via apache-beam
google-cloud-language==2.20.0
    # via apache-beam
google-cloud-monitoring==2.30.0
    # via google-cloud-spanner
google-cloud-pipeline-components==2.22.0
    # via -r requirements.txt
google-cloud-pubsub==2.36.0
    # via apache-beam
google-cloud-recommendations-ai==0.10.18
    # via apache-beam
google-cloud-resource-manager==1.17.0
    # via google-cloud-aiplatform
google-cloud-secret-manager==2.27.0
    # via apache-beam
google-cloud-spanner==3.64.0
    # via apache-beam
google-cloud-storage==2.19.0
    # via
    #   -r requirements.txt
    #   apache-beam
    #   gcsfs
    #   google-cloud-aiplatform
    #   kfp
google-cloud-storage-control==1.11.0
    # via gcsfs
google-cloud-videointelligence==2.19.0
    # via apache-beam
google-cloud-vision==3.13.0
    # via apache-beam
google-crc32c==1.8.0
    # via
    #   google-cloud-bigtable
    #   google-cloud-storage
    #   google-resumable-media
google-genai==1.70.0
    # via google-cloud-aiplatform
google-resumable-media==2.8.2
    # via
    #   google-cloud-bigquery
    #   google-cloud-storage
googleapis-common-protos==1.74.0
    # via
    #   google-api-core
    #   grpc-google-iam-v1
    #   grpcio-status
grpc-google-iam-v1==0.14.4
    # via
    #   google-cloud-bigtable
    #   google-cloud-build
    #   google-cloud-kms
    #   google-cloud-pubsub
    #   google-cloud-resource-manager
    #   google-cloud-secret-manager
    #   google-cloud-spanner
    #   google-cloud-storage-control
grpc-interceptor==0.15.4
    # via google-cloud-spanner
grpcio==1.80.0
    # via
    #   apache-beam
    #   google-api-core
    #   google-cloud-bigquery-storage
    #   google-cloud-build
    #   google-cloud-datastore
    #   google-cloud-dlp
    #   google-cloud-kms
    #   google-cloud-language
    #   google-cloud-monitoring
    #   google-cloud-pubsub
    #   google-cloud-resource-manager
    #   google-cloud-secret-manager
    #   google-cloud-storage-control
    #   google-cloud-videointelligence
    #   google-cloud-vision
    #   googleapis-common-protos
    #   grpc-google-iam-v1
    #   grpc-interceptor
    #   grpcio-status
grpcio-status==1.80.0
    # via
    #   google-api-core
    #   google-cloud-pubsub
grpclib==0.4.9
    # via betterproto
h11==0.16.0
    # via httpcore
h2==4.3.0
    # via grpclib
hpack==4.1.0
    # via h2
httpcore==1.0.9
    # via httpx
httplib2==0.31.2
    # via
    #   apache-beam
    #   google-apitools
    #   google-auth-httplib2
    #   oauth2client
httpx==0.28.1
    # via google-genai
hyperframe==6.1.0
    # via h2
idna==3.11
    # via
    #   anyio
    #   httpx
    #   requests
    #   yarl
importlib-metadata==8.7.1
    # via opentelemetry-api
ipykernel==7.2.0
    # via -r requirements.txt
ipython==9.12.0
    # via
    #   ipykernel
    #   ipywidgets
ipython-pygments-lexers==1.1.1
    # via ipython
ipywidgets==8.1.8
    # via -r requirements.txt
jaraco-classes==3.4.0
    # via keyring
jaraco-context==6.1.2
    # via keyring
jaraco-functools==4.4.0
    # via keyring
jedi==0.19.2
    # via ipython
jeepney==0.9.0
    # via
    #   keyring
    #   secretstorage
jinja2==3.1.6
    # via google-cloud-pipeline-components
joblib==1.5.3
    # via scikit-learn
jsonpickle==3.4.2
    # via apache-beam
jupyter-client==8.8.0
    # via ipykernel
jupyter-core==5.9.1
    # via
    #   ipykernel
    #   jupyter-client
jupyterlab-widgets==3.0.16
    # via ipywidgets
keyring==25.7.0
    # via keyrings-google-artifactregistry-auth
keyrings-google-artifactregistry-auth==1.1.2
    # via apache-beam
kfp==2.15.2
    # via
    #   -r requirements.txt
    #   google-cloud-pipeline-components
kfp-pipeline-spec==2.16.0
    # via kfp
kfp-server-api==2.16.0
    # via kfp
kubernetes==17.17.0
    # via
    #   -r requirements.txt
    #   kfp
markupsafe==3.0.3
    # via jinja2
matplotlib-inline==0.2.1
    # via
    #   ipykernel
    #   ipython
mmh3==5.2.1
    # via google-cloud-spanner
more-itertools==11.0.1
    # via
    #   jaraco-classes
    #   jaraco-functools
multidict==6.7.1
    # via
    #   aiohttp
    #   grpclib
    #   yarl
nest-asyncio==1.6.0
    # via ipykernel
numpy==2.4.4
    # via
    #   apache-beam
    #   db-dtypes
    #   pandas
    #   scikit-learn
    #   scipy
oauth2client==4.1.3
    # via google-apitools
oauthlib==3.3.1
    # via requests-oauthlib
objsize==0.7.1
    # via apache-beam
opentelemetry-api==1.40.0
    # via
    #   google-cloud-pubsub
    #   google-cloud-spanner
    #   opentelemetry-resourcedetector-gcp
    #   opentelemetry-sdk
    #   opentelemetry-semantic-conventions
opentelemetry-resourcedetector-gcp==1.11.0a0
    # via google-cloud-spanner
opentelemetry-sdk==1.40.0
    # via
    #   google-cloud-pubsub
    #   google-cloud-spanner
    #   opentelemetry-resourcedetector-gcp
opentelemetry-semantic-conventions==0.61b0
    # via
    #   google-cloud-spanner
    #   opentelemetry-sdk
orjson==3.11.8
    # via apache-beam
packaging==26.0
    # via
    #   apache-beam
    #   db-dtypes
    #   google-cloud-aiplatform
    #   google-cloud-bigquery
    #   ipykernel
pandas==2.3.3
    # via db-dtypes
parso==0.8.6
    # via jedi
pexpect==4.9.0
    # via ipython
pg8000==1.31.5
    # via apache-beam
pillow==12.2.0
    # via apache-beam
platformdirs==4.9.4
    # via jupyter-core
pluggy==1.6.0
    # via keyrings-google-artifactregistry-auth
prompt-toolkit==3.0.52
    # via ipython
propcache==0.4.1
    # via
    #   aiohttp
    #   yarl
proto-plus==1.27.2
    # via
    #   apache-beam
    #   google-api-core
    #   google-cloud-aiplatform
    #   google-cloud-bigquery-storage
    #   google-cloud-bigtable
    #   google-cloud-build
    #   google-cloud-datastore
    #   google-cloud-dlp
    #   google-cloud-kms
    #   google-cloud-language
    #   google-cloud-monitoring
    #   google-cloud-pubsub
    #   google-cloud-recommendations-ai
    #   google-cloud-resource-manager
    #   google-cloud-secret-manager
    #   google-cloud-spanner
    #   google-cloud-storage-control
    #   google-cloud-videointelligence
    #   google-cloud-vision
protobuf==6.33.6
    # via
    #   apache-beam
    #   google-api-core
    #   google-cloud-aiplatform
    #   google-cloud-bigquery-storage
    #   google-cloud-bigtable
    #   google-cloud-build
    #   google-cloud-datastore
    #   google-cloud-dlp
    #   google-cloud-kms
    #   google-cloud-language
    #   google-cloud-monitoring
    #   google-cloud-pubsub
    #   google-cloud-recommendations-ai
    #   google-cloud-resource-manager
    #   google-cloud-secret-manager
    #   google-cloud-spanner
    #   google-cloud-storage-control
    #   google-cloud-videointelligence
    #   google-cloud-vision
    #   googleapis-common-protos
    #   grpc-google-iam-v1
    #   grpcio-status
    #   kfp
    #   kfp-pipeline-spec
    #   proto-plus
psutil==7.2.2
    # via ipykernel
ptyprocess==0.7.0
    # via pexpect
pure-eval==0.2.3
    # via stack-data
pyarrow==23.0.1
    # via
    #   apache-beam
    #   db-dtypes
pyarrow-hotfix==0.7
    # via apache-beam
pyasn1==0.6.3
    # via
    #   oauth2client
    #   pyasn1-modules
    #   rsa
pyasn1-modules==0.4.2
    # via
    #   google-auth
    #   oauth2client
pycparser==3.0
    # via cffi
pydantic==2.12.5
    # via
    #   fastapi
    #   google-cloud-aiplatform
    #   google-genai
pydantic-core==2.41.5
    # via pydantic
pygments==2.20.0
    # via
    #   ipython
    #   ipython-pygments-lexers
pymongo==4.16.0
    # via apache-beam
pymysql==1.1.2
    # via apache-beam
pyparsing==3.3.2
    # via httplib2
python-dateutil==2.9.0.post0
    # via
    #   apache-beam
    #   google-cloud-bigquery
    #   jupyter-client
    #   kfp-server-api
    #   kubernetes
    #   pandas
    #   pg8000
python-tds==1.17.1
    # via apache-beam
pytz==2026.1.post1
    # via
    #   apache-beam
    #   pandas
pyyaml==6.0.3
    # via
    #   apache-beam
    #   kfp
    #   kubernetes
pyzmq==27.1.0
    # via
    #   ipykernel
    #   jupyter-client
regex==2026.4.4
    # via apache-beam
requests==2.33.1
    # via
    #   apache-beam
    #   cloud-sql-python-connector
    #   gcsfs
    #   google-api-core
    #   google-auth
    #   google-cloud-bigquery
    #   google-cloud-storage
    #   google-genai
    #   keyrings-google-artifactregistry-auth
    #   kubernetes
    #   opentelemetry-resourcedetector-gcp
    #   requests-oauthlib
    #   requests-toolbelt
requests-oauthlib==2.0.0
    # via
    #   google-auth-oauthlib
    #   kubernetes
requests-toolbelt==1.0.0
    # via kfp
rsa==4.9.1
    # via oauth2client
scikit-learn==1.7.2
    # via -r requirements.txt
scipy==1.17.1
    # via scikit-learn
scramp==1.4.8
    # via pg8000
secretstorage==3.5.0
    # via keyring
setuptools==81.0.0
    # via
    #   -r requirements.txt
    #   kubernetes
six==1.17.0
    # via
    #   google-apitools
    #   kfp-server-api
    #   kubernetes
    #   oauth2client
    #   python-dateutil
sniffio==1.3.1
    # via google-genai
sortedcontainers==2.4.0
    # via apache-beam
sqlparse==0.5.5
    # via google-cloud-spanner
stack-data==0.6.3
    # via ipython
starlette==1.0.0
    # via fastapi
stringcase==1.2.0
    # via betterproto
tabulate==0.10.0
    # via kfp
tenacity==9.1.4
    # via google-genai
termcolor==3.3.0
    # via fire
threadpoolctl==3.6.0
    # via scikit-learn
tornado==6.5.5
    # via
    #   ipykernel
    #   jupyter-client
tqdm==4.67.3
    # via -r requirements.txt
traitlets==5.14.3
    # via
    #   ipykernel
    #   ipython
    #   ipywidgets
    #   jupyter-client
    #   jupyter-core
    #   matplotlib-inline
typing-extensions==4.15.0
    # via
    #   aiosignal
    #   anyio
    #   apache-beam
    #   fastapi
    #   google-cloud-aiplatform
    #   google-genai
    #   grpcio
    #   opentelemetry-api
    #   opentelemetry-resourcedetector-gcp
    #   opentelemetry-sdk
    #   opentelemetry-semantic-conventions
    #   pydantic
    #   pydantic-core
    #   starlette
    #   typing-inspection
typing-inspection==0.4.2
    # via
    #   fastapi
    #   pydantic
tzdata==2026.1
    # via pandas
urllib3==2.6.3
    # via
    #   kfp
    #   kfp-server-api
    #   kubernetes
    #   requests
wcwidth==0.6.0
    # via prompt-toolkit
websocket-client==1.9.0
    # via kubernetes
websockets==16.0
    # via google-genai
widgetsnbextension==4.0.15
    # via ipywidgets
yarl==1.23.0
    # via aiohttp
zipp==3.23.0
    # via importlib-metadata
zstandard==0.25.0
    # via apache-beam
